
Microsoft Visual Studio Solution File, Format Version 12.00
# Visual Studio 2013
VisualStudioVersion = 12.0.31101.0
MinimumVisualStudioVersion = 10.0.40219.1
Project("{FAE04EC0-301F-11D3-BF4B-00C04F79EFBC}") = "minigolf", "minigolf\minigolf.csproj", "{DF99665C-FC10-47B5-9B16-5998BA9F3DFF}"
EndProject
Global
	GlobalSection(SolutionConfigurationPlatforms) = preSolution
		Debug|Any CPU = Debug|Any CPU
		Release|Any CPU = Release|Any CPU
	EndGlobalSection
	GlobalSection(ProjectConfigurationPlatforms) = postSolution
		{DF99665C-FC10-47B5-9B16-5998BA9F3DFF}.Debug|Any CPU.ActiveCfg = Debug|Any CPU
		{DF99665C-FC10-47B5-9B16-5998BA9F3DFF}.Debug|Any CPU.Build.0 = Debug|Any CPU
		{DF99665C-FC10-47B5-9B16-5998BA9F3DFF}.Release|Any CPU.ActiveCfg = Release|Any CPU
		{DF99665C-FC10-47B5-9B16-5998BA9F3DFF}.Release|Any CPU.Build.0 = Release|Any CPU
	EndGlobalSection
	GlobalSection(SolutionProperties) = preSolution
		HideSolutionNode = FALSE
	EndGlobalSection
EndGlobal
